
Microsoft Visual Studio Solution File, Format Version 12.00
# Visual Studio Version 16
VisualStudioVersion = 16.0.30907.101
MinimumVisualStudioVersion = 10.0.40219.1
Project("{9A19103F-16F7-4668-BE54-9A1E7A4F7556}") = "CourseManagement", "CourseManagement1\CourseManagement.csproj", "{093E5880-E750-44A1-848B-7BDEB9F0168D}"
EndProject
Global
	GlobalSection(SolutionConfigurationPlatforms) = preSolution
		Debug|Any CPU = Debug|Any CPU
		Release|Any CPU = Release|Any CPU
	EndGlobalSection
	GlobalSection(ProjectConfigurationPlatforms) = postSolution
		{093E5880-E750-44A1-848B-7BDEB9F0168D}.Debug|Any CPU.ActiveCfg = Debug|Any CPU
		{093E5880-E750-44A1-848B-7BDEB9F0168D}.Debug|Any CPU.Build.0 = Debug|Any CPU
		{093E5880-E750-44A1-848B-7BDEB9F0168D}.Release|Any CPU.ActiveCfg = Release|Any CPU
		{093E5880-E750-44A1-848B-7BDEB9F0168D}.Release|Any CPU.Build.0 = Release|Any CPU
	EndGlobalSection
	GlobalSection(SolutionProperties) = preSolution
		HideSolutionNode = FALSE
	EndGlobalSection
	GlobalSection(ExtensibilityGlobals) = postSolution
		SolutionGuid = {90D067CD-1B3B-4FAF-AA90-FF788229949D}
	EndGlobalSection
EndGlobal
